
Microsoft Visual Studio Solution File, Format Version 12.00
# Visual Studio 15
VisualStudioVersion = 15.0.28307.779
MinimumVisualStudioVersion = 10.0.40219.1
Project("{2150E333-8FDC-42A3-9474-1A3956D46DE8}") = "sources", "sources", "{A1BD0FDA-2F58-4958-A380-E9FC09615DF1}"
EndProject
Project("{2150E333-8FDC-42A3-9474-1A3956D46DE8}") = "tests", "tests", "{0BF27C1A-60D0-485E-930A-8BDCBEADA64F}"
EndProject
Project("{2150E333-8FDC-42A3-9474-1A3956D46DE8}") = "1 UI", "1 UI", "{4BB1757E-AC70-49C7-96F8-0C6F74E0E32E}"
EndProject
Project("{2150E333-8FDC-42A3-9474-1A3956D46DE8}") = "2 Delivery", "2 Delivery", "{196CB06B-A375-4BC8-B2F8-2A5D5912A113}"
EndProject
Project("{2150E333-8FDC-42A3-9474-1A3956D46DE8}") = "3 App", "3 App", "{9596FCF7-9BA7-437E-9F31-D0F5982EF784}"
EndProject
Project("{2150E333-8FDC-42A3-9474-1A3956D46DE8}") = "4 Domain", "4 Domain", "{87C9D77D-B9A3-4635-BC12-2B22AF75D10D}"
EndProject
Project("{2150E333-8FDC-42A3-9474-1A3956D46DE8}") = "5 Data", "5 Data", "{14D5CCF0-0A32-4E25-B02A-7FB81D6CAF46}"
EndProject
Project("{2150E333-8FDC-42A3-9474-1A3956D46DE8}") = "6 Infra", "6 Infra", "{9998B3B1-1E34-42CA-93AE-7AE5D9F24823}"
EndProject
Project("{9A19103F-16F7-4668-BE54-9A1E7A4F7556}") = "dnc.infra.app.mapper.core", "sources\dnc.infra.app.mapper.core\dnc.infra.app.mapper.core.csproj", "{9D105BAD-FBB5-42B1-A557-BFF2918AD999}"
EndProject
Project("{FAE04EC0-301F-11D3-BF4B-00C04F79EFBC}") = "dnc.infra.base.core", "sources\dnc.infra.base.core\dnc.infra.base.core.csproj", "{6F6B3B1E-9D4F-4BF4-B161-CA735C6BA840}"
EndProject
Project("{FAE04EC0-301F-11D3-BF4B-00C04F79EFBC}") = "dnc.infra.domain.core", "sources\dnc.infra.domain.core\dnc.infra.domain.core.csproj", "{DDDD5152-7FE9-4064-852B-940BD253DF4A}"
EndProject
Project("{FAE04EC0-301F-11D3-BF4B-00C04F79EFBC}") = "dnc.infra.app.viewmodel.core", "sources\dnc.infra.app.viewmodel.core\dnc.infra.app.viewmodel.core.csproj", "{17F14A4B-BEA7-4FD3-A827-9B08343042A0}"
EndProject
Project("{FAE04EC0-301F-11D3-BF4B-00C04F79EFBC}") = "dnc.infra.data.core", "sources\dnc.infra.data.core\dnc.infra.data.core.csproj", "{7AEED74F-7044-4E62-8250-535DC178C0C0}"
EndProject
Global
	GlobalSection(SolutionConfigurationPlatforms) = preSolution
		Debug|Any CPU = Debug|Any CPU
		Release|Any CPU = Release|Any CPU
	EndGlobalSection
	GlobalSection(ProjectConfigurationPlatforms) = postSolution
		{9D105BAD-FBB5-42B1-A557-BFF2918AD999}.Debug|Any CPU.ActiveCfg = Debug|Any CPU
		{9D105BAD-FBB5-42B1-A557-BFF2918AD999}.Debug|Any CPU.Build.0 = Debug|Any CPU
		{9D105BAD-FBB5-42B1-A557-BFF2918AD999}.Release|Any CPU.ActiveCfg = Release|Any CPU
		{9D105BAD-FBB5-42B1-A557-BFF2918AD999}.Release|Any CPU.Build.0 = Release|Any CPU
		{6F6B3B1E-9D4F-4BF4-B161-CA735C6BA840}.Debug|Any CPU.ActiveCfg = Debug|Any CPU
		{6F6B3B1E-9D4F-4BF4-B161-CA735C6BA840}.Debug|Any CPU.Build.0 = Debug|Any CPU
		{6F6B3B1E-9D4F-4BF4-B161-CA735C6BA840}.Release|Any CPU.ActiveCfg = Release|Any CPU
		{6F6B3B1E-9D4F-4BF4-B161-CA735C6BA840}.Release|Any CPU.Build.0 = Release|Any CPU
		{DDDD5152-7FE9-4064-852B-940BD253DF4A}.Debug|Any CPU.ActiveCfg = Debug|Any CPU
		{DDDD5152-7FE9-4064-852B-940BD253DF4A}.Debug|Any CPU.Build.0 = Debug|Any CPU
		{DDDD5152-7FE9-4064-852B-940BD253DF4A}.Release|Any CPU.ActiveCfg = Release|Any CPU
		{DDDD5152-7FE9-4064-852B-940BD253DF4A}.Release|Any CPU.Build.0 = Release|Any CPU
		{17F14A4B-BEA7-4FD3-A827-9B08343042A0}.Debug|Any CPU.ActiveCfg = Debug|Any CPU
		{17F14A4B-BEA7-4FD3-A827-9B08343042A0}.Debug|Any CPU.Build.0 = Debug|Any CPU
		{17F14A4B-BEA7-4FD3-A827-9B08343042A0}.Release|Any CPU.ActiveCfg = Release|Any CPU
		{17F14A4B-BEA7-4FD3-A827-9B08343042A0}.Release|Any CPU.Build.0 = Release|Any CPU
		{7AEED74F-7044-4E62-8250-535DC178C0C0}.Debug|Any CPU.ActiveCfg = Debug|Any CPU
		{7AEED74F-7044-4E62-8250-535DC178C0C0}.Debug|Any CPU.Build.0 = Debug|Any CPU
		{7AEED74F-7044-4E62-8250-535DC178C0C0}.Release|Any CPU.ActiveCfg = Release|Any CPU
		{7AEED74F-7044-4E62-8250-535DC178C0C0}.Release|Any CPU.Build.0 = Release|Any CPU
	EndGlobalSection
	GlobalSection(SolutionProperties) = preSolution
		HideSolutionNode = FALSE
	EndGlobalSection
	GlobalSection(NestedProjects) = preSolution
		{4BB1757E-AC70-49C7-96F8-0C6F74E0E32E} = {A1BD0FDA-2F58-4958-A380-E9FC09615DF1}
		{196CB06B-A375-4BC8-B2F8-2A5D5912A113} = {A1BD0FDA-2F58-4958-A380-E9FC09615DF1}
		{9596FCF7-9BA7-437E-9F31-D0F5982EF784} = {A1BD0FDA-2F58-4958-A380-E9FC09615DF1}
		{87C9D77D-B9A3-4635-BC12-2B22AF75D10D} = {A1BD0FDA-2F58-4958-A380-E9FC09615DF1}
		{14D5CCF0-0A32-4E25-B02A-7FB81D6CAF46} = {A1BD0FDA-2F58-4958-A380-E9FC09615DF1}
		{9998B3B1-1E34-42CA-93AE-7AE5D9F24823} = {A1BD0FDA-2F58-4958-A380-E9FC09615DF1}
		{9D105BAD-FBB5-42B1-A557-BFF2918AD999} = {9998B3B1-1E34-42CA-93AE-7AE5D9F24823}
		{6F6B3B1E-9D4F-4BF4-B161-CA735C6BA840} = {9998B3B1-1E34-42CA-93AE-7AE5D9F24823}
		{DDDD5152-7FE9-4064-852B-940BD253DF4A} = {9998B3B1-1E34-42CA-93AE-7AE5D9F24823}
		{17F14A4B-BEA7-4FD3-A827-9B08343042A0} = {9998B3B1-1E34-42CA-93AE-7AE5D9F24823}
		{7AEED74F-7044-4E62-8250-535DC178C0C0} = {9998B3B1-1E34-42CA-93AE-7AE5D9F24823}
	EndGlobalSection
	GlobalSection(ExtensibilityGlobals) = postSolution
		SolutionGuid = {42B77D72-3924-42D6-9279-1F6389DACFE4}
	EndGlobalSection
EndGlobal
